// !$*UTF8*$!
{
	archiveVersion = 1;
	classes = {
	};
	objectVersion = 56;
	objects = {

/* Begin PBXBuildFile section */
		9251D4892C13627C0033863F /* Cadastro.swift in Sources */ = {isa = PBXBuildFile; fileRef = 9251D4882C13627C0033863F /* Cadastro.swift */; };
		9251D48B2C1362B50033863F /* SignUpEmailViewModel.swift in Sources */ = {isa = PBXBuildFile; fileRef = 9251D48A2C1362B50033863F /* SignUpEmailViewModel.swift */; };
		9251D4912C138A8C0033863F /* SignUpPasswordViewController.swift in Sources */ = {isa = PBXBuildFile; fileRef = 9251D4902C138A8C0033863F /* SignUpPasswordViewController.swift */; };
		9251D4932C138B810033863F /* SignUpPasswordView.swift in Sources */ = {isa = PBXBuildFile; fileRef = 9251D4922C138B810033863F /* SignUpPasswordView.swift */; };
		9251D4952C138BA20033863F /* SignUpPasswordViewModel.swift in Sources */ = {isa = PBXBuildFile; fileRef = 9251D4942C138BA20033863F /* SignUpPasswordViewModel.swift */; };
		9251D49C2C13A9F20033863F /* SignUpConfirmPasswordViewController.swift in Sources */ = {isa = PBXBuildFile; fileRef = 9251D49B2C13A9F20033863F /* SignUpConfirmPasswordViewController.swift */; };
		9251D49E2C13AA580033863F /* SignUpConfirmPasswordView.swift in Sources */ = {isa = PBXBuildFile; fileRef = 9251D49D2C13AA580033863F /* SignUpConfirmPasswordView.swift */; };
		9251D4A02C13AA6A0033863F /* SignUpConfirmPasswordViewModel.swift in Sources */ = {isa = PBXBuildFile; fileRef = 9251D49F2C13AA6A0033863F /* SignUpConfirmPasswordViewModel.swift */; };
		9277444D2C1210CB00895927 /* AppDelegate.swift in Sources */ = {isa = PBXBuildFile; fileRef = 9277444C2C1210CB00895927 /* AppDelegate.swift */; };
		9277444F2C1210CB00895927 /* SceneDelegate.swift in Sources */ = {isa = PBXBuildFile; fileRef = 9277444E2C1210CB00895927 /* SceneDelegate.swift */; };
		927744512C1210CB00895927 /* LoginViewController.swift in Sources */ = {isa = PBXBuildFile; fileRef = 927744502C1210CB00895927 /* LoginViewController.swift */; };
		927744562C1210CC00895927 /* Assets.xcassets in Resources */ = {isa = PBXBuildFile; fileRef = 927744552C1210CC00895927 /* Assets.xcassets */; };
		927744592C1210CC00895927 /* LaunchScreen.storyboard in Resources */ = {isa = PBXBuildFile; fileRef = 927744572C1210CC00895927 /* LaunchScreen.storyboard */; };
		927744622C12149A00895927 /* LoginViewModel.swift in Sources */ = {isa = PBXBuildFile; fileRef = 927744612C12149A00895927 /* LoginViewModel.swift */; };
		927744642C1214EF00895927 /* Bindable.swift in Sources */ = {isa = PBXBuildFile; fileRef = 927744632C1214EF00895927 /* Bindable.swift */; };
		9277446F2C121BEA00895927 /* LoginView.swift in Sources */ = {isa = PBXBuildFile; fileRef = 9277446E2C121BEA00895927 /* LoginView.swift */; };
		927744712C121EA200895927 /* Extensions.swift in Sources */ = {isa = PBXBuildFile; fileRef = 927744702C121EA200895927 /* Extensions.swift */; };
		927744772C12471700895927 /* SignUpEmailViewController.swift in Sources */ = {isa = PBXBuildFile; fileRef = 927744762C12471700895927 /* SignUpEmailViewController.swift */; };
		927744792C1247E500895927 /* SignUpEmailView.swift in Sources */ = {isa = PBXBuildFile; fileRef = 927744782C1247E500895927 /* SignUpEmailView.swift */; };
/* End PBXBuildFile section */

/* Begin PBXFileReference section */
		9251D4882C13627C0033863F /* Cadastro.swift */ = {isa = PBXFileReference; lastKnownFileType = sourcecode.swift; path = Cadastro.swift; sourceTree = "<group>"; };
		9251D48A2C1362B50033863F /* SignUpEmailViewModel.swift */ = {isa = PBXFileReference; lastKnownFileType = sourcecode.swift; path = SignUpEmailViewModel.swift; sourceTree = "<group>"; };
		9251D4902C138A8C0033863F /* SignUpPasswordViewController.swift */ = {isa = PBXFileReference; lastKnownFileType = sourcecode.swift; path = SignUpPasswordViewController.swift; sourceTree = "<group>"; };
		9251D4922C138B810033863F /* SignUpPasswordView.swift */ = {isa = PBXFileReference; lastKnownFileType = sourcecode.swift; path = SignUpPasswordView.swift; sourceTree = "<group>"; };
		9251D4942C138BA20033863F /* SignUpPasswordViewModel.swift */ = {isa = PBXFileReference; lastKnownFileType = sourcecode.swift; path = SignUpPasswordViewModel.swift; sourceTree = "<group>"; };
		9251D49B2C13A9F20033863F /* SignUpConfirmPasswordViewController.swift */ = {isa = PBXFileReference; lastKnownFileType = sourcecode.swift; path = SignUpConfirmPasswordViewController.swift; sourceTree = "<group>"; };
		9251D49D2C13AA580033863F /* SignUpConfirmPasswordView.swift */ = {isa = PBXFileReference; lastKnownFileType = sourcecode.swift; path = SignUpConfirmPasswordView.swift; sourceTree = "<group>"; };
		9251D49F2C13AA6A0033863F /* SignUpConfirmPasswordViewModel.swift */ = {isa = PBXFileReference; lastKnownFileType = sourcecode.swift; path = SignUpConfirmPasswordViewModel.swift; sourceTree = "<group>"; };
		927744492C1210CB00895927 /* Cadastro.app */ = {isa = PBXFileReference; explicitFileType = wrapper.application; includeInIndex = 0; path = Cadastro.app; sourceTree = BUILT_PRODUCTS_DIR; };
		9277444C2C1210CB00895927 /* AppDelegate.swift */ = {isa = PBXFileReference; lastKnownFileType = sourcecode.swift; path = AppDelegate.swift; sourceTree = "<group>"; };
		9277444E2C1210CB00895927 /* SceneDelegate.swift */ = {isa = PBXFileReference; lastKnownFileType = sourcecode.swift; path = SceneDelegate.swift; sourceTree = "<group>"; };
		927744502C1210CB00895927 /* LoginViewController.swift */ = {isa = PBXFileReference; lastKnownFileType = sourcecode.swift; path = LoginViewController.swift; sourceTree = "<group>"; };
		927744552C1210CC00895927 /* Assets.xcassets */ = {isa = PBXFileReference; lastKnownFileType = folder.assetcatalog; path = Assets.xcassets; sourceTree = "<group>"; };
		927744582C1210CC00895927 /* Base */ = {isa = PBXFileReference; lastKnownFileType = file.storyboard; name = Base; path = Base.lproj/LaunchScreen.storyboard; sourceTree = "<group>"; };
		9277445A2C1210CC00895927 /* Info.plist */ = {isa = PBXFileReference; lastKnownFileType = text.plist.xml; path = Info.plist; sourceTree = "<group>"; };
		927744612C12149A00895927 /* LoginViewModel.swift */ = {isa = PBXFileReference; lastKnownFileType = sourcecode.swift; path = LoginViewModel.swift; sourceTree = "<group>"; };
		927744632C1214EF00895927 /* Bindable.swift */ = {isa = PBXFileReference; lastKnownFileType = sourcecode.swift; path = Bindable.swift; sourceTree = "<group>"; };
		9277446E2C121BEA00895927 /* LoginView.swift */ = {isa = PBXFileReference; lastKnownFileType = sourcecode.swift; path = LoginView.swift; sourceTree = "<group>"; };
		927744702C121EA200895927 /* Extensions.swift */ = {isa = PBXFileReference; lastKnownFileType = sourcecode.swift; path = Extensions.swift; sourceTree = "<group>"; };
		927744762C12471700895927 /* SignUpEmailViewController.swift */ = {isa = PBXFileReference; lastKnownFileType = sourcecode.swift; path = SignUpEmailViewController.swift; sourceTree = "<group>"; };
		927744782C1247E500895927 /* SignUpEmailView.swift */ = {isa = PBXFileReference; lastKnownFileType = sourcecode.swift; path = SignUpEmailView.swift; sourceTree = "<group>"; };
/* End PBXFileReference section */

/* Begin PBXFrameworksBuildPhase section */
		927744462C1210CB00895927 /* Frameworks */ = {
			isa = PBXFrameworksBuildPhase;
			buildActionMask = 2147483647;
			files = (
			);
			runOnlyForDeploymentPostprocessing = 0;
		};
/* End PBXFrameworksBuildPhase section */

/* Begin PBXGroup section */
		9251D4872C1361660033863F /* Email */ = {
			isa = PBXGroup;
			children = (
				927744752C12458600895927 /* Controller */,
				927744742C12458500895927 /* View */,
				927744732C12458400895927 /* ViewModel */,
			);
			path = Email;
			sourceTree = "<group>";
		};
		9251D48C2C13873B0033863F /* Password */ = {
			isa = PBXGroup;
			children = (
				9251D48F2C13874D0033863F /* Controller */,
				9251D48E2C13874C0033863F /* View */,
				9251D48D2C13874B0033863F /* ViewModel */,
			);
			path = Password;
			sourceTree = "<group>";
		};
		9251D48D2C13874B0033863F /* ViewModel */ = {
			isa = PBXGroup;
			children = (
				9251D4942C138BA20033863F /* SignUpPasswordViewModel.swift */,
			);
			path = ViewModel;
			sourceTree = "<group>";
		};
		9251D48E2C13874C0033863F /* View */ = {
			isa = PBXGroup;
			children = (
				9251D4922C138B810033863F /* SignUpPasswordView.swift */,
			);
			path = View;
			sourceTree = "<group>";
		};
		9251D48F2C13874D0033863F /* Controller */ = {
			isa = PBXGroup;
			children = (
				9251D4902C138A8C0033863F /* SignUpPasswordViewController.swift */,
			);
			path = Controller;
			sourceTree = "<group>";
		};
		9251D4962C13A94B0033863F /* ConfirmPassword */ = {
			isa = PBXGroup;
			children = (
				9251D4992C13A97F0033863F /* Controller */,
				9251D4982C13A97E0033863F /* View */,
				9251D4972C13A97D0033863F /* ViewModel */,
			);
			path = ConfirmPassword;
			sourceTree = "<group>";
		};
		9251D4972C13A97D0033863F /* ViewModel */ = {
			isa = PBXGroup;
			children = (
				9251D49F2C13AA6A0033863F /* SignUpConfirmPasswordViewModel.swift */,
			);
			path = ViewModel;
			sourceTree = "<group>";
		};
		9251D4982C13A97E0033863F /* View */ = {
			isa = PBXGroup;
			children = (
				9251D49D2C13AA580033863F /* SignUpConfirmPasswordView.swift */,
			);
			path = View;
			sourceTree = "<group>";
		};
		9251D4992C13A97F0033863F /* Controller */ = {
			isa = PBXGroup;
			children = (
				9251D49B2C13A9F20033863F /* SignUpConfirmPasswordViewController.swift */,
			);
			path = Controller;
			sourceTree = "<group>";
		};
		927744402C1210CB00895927 = {
			isa = PBXGroup;
			children = (
				9277444B2C1210CB00895927 /* Cadastro */,
				9277444A2C1210CB00895927 /* Products */,
			);
			sourceTree = "<group>";
		};
		9277444A2C1210CB00895927 /* Products */ = {
			isa = PBXGroup;
			children = (
				927744492C1210CB00895927 /* Cadastro.app */,
			);
			name = Products;
			sourceTree = "<group>";
		};
		9277444B2C1210CB00895927 /* Cadastro */ = {
			isa = PBXGroup;
			children = (
				927744652C121B6900895927 /* App */,
				927744602C12139200895927 /* Resources */,
			);
			path = Cadastro;
			sourceTree = "<group>";
		};
		927744602C12139200895927 /* Resources */ = {
			isa = PBXGroup;
			children = (
				9277444C2C1210CB00895927 /* AppDelegate.swift */,
				9277444E2C1210CB00895927 /* SceneDelegate.swift */,
				927744552C1210CC00895927 /* Assets.xcassets */,
				927744572C1210CC00895927 /* LaunchScreen.storyboard */,
				9277445A2C1210CC00895927 /* Info.plist */,
			);
			path = Resources;
			sourceTree = "<group>";
		};
		927744652C121B6900895927 /* App */ = {
			isa = PBXGroup;
			children = (
				927744682C121B7500895927 /* Model */,
				927744692C121B7700895927 /* Network */,
				927744672C121B7400895927 /* Screens */,
				9277446A2C121B7A00895927 /* Utils */,
			);
			path = App;
			sourceTree = "<group>";
		};
		927744662C121B7200895927 /* Login */ = {
			isa = PBXGroup;
			children = (
				9277446D2C121BBC00895927 /* Controller */,
				9277446C2C121BBB00895927 /* View */,
				9277446B2C121BB500895927 /* ViewModel */,
			);
			path = Login;
			sourceTree = "<group>";
		};
		927744672C121B7400895927 /* Screens */ = {
			isa = PBXGroup;
			children = (
				927744662C121B7200895927 /* Login */,
				927744722C12457600895927 /* SignUp */,
			);
			path = Screens;
			sourceTree = "<group>";
		};
		927744682C121B7500895927 /* Model */ = {
			isa = PBXGroup;
			children = (
				9251D4882C13627C0033863F /* Cadastro.swift */,
			);
			path = Model;
			sourceTree = "<group>";
		};
		927744692C121B7700895927 /* Network */ = {
			isa = PBXGroup;
			children = (
			);
			path = Network;
			sourceTree = "<group>";
		};
		9277446A2C121B7A00895927 /* Utils */ = {
			isa = PBXGroup;
			children = (
				927744632C1214EF00895927 /* Bindable.swift */,
				927744702C121EA200895927 /* Extensions.swift */,
			);
			path = Utils;
			sourceTree = "<group>";
		};
		9277446B2C121BB500895927 /* ViewModel */ = {
			isa = PBXGroup;
			children = (
				927744612C12149A00895927 /* LoginViewModel.swift */,
			);
			path = ViewModel;
			sourceTree = "<group>";
		};
		9277446C2C121BBB00895927 /* View */ = {
			isa = PBXGroup;
			children = (
				9277446E2C121BEA00895927 /* LoginView.swift */,
			);
			path = View;
			sourceTree = "<group>";
		};
		9277446D2C121BBC00895927 /* Controller */ = {
			isa = PBXGroup;
			children = (
				927744502C1210CB00895927 /* LoginViewController.swift */,
			);
			path = Controller;
			sourceTree = "<group>";
		};
		927744722C12457600895927 /* SignUp */ = {
			isa = PBXGroup;
			children = (
				9251D4872C1361660033863F /* Email */,
				9251D48C2C13873B0033863F /* Password */,
				9251D4962C13A94B0033863F /* ConfirmPassword */,
			);
			path = SignUp;
			sourceTree = "<group>";
		};
		927744732C12458400895927 /* ViewModel */ = {
			isa = PBXGroup;
			children = (
				9251D48A2C1362B50033863F /* SignUpEmailViewModel.swift */,
			);
			path = ViewModel;
			sourceTree = "<group>";
		};
		927744742C12458500895927 /* View */ = {
			isa = PBXGroup;
			children = (
				927744782C1247E500895927 /* SignUpEmailView.swift */,
			);
			path = View;
			sourceTree = "<group>";
		};
		927744752C12458600895927 /* Controller */ = {
			isa = PBXGroup;
			children = (
				927744762C12471700895927 /* SignUpEmailViewController.swift */,
			);
			path = Controller;
			sourceTree = "<group>";
		};
/* End PBXGroup section */

/* Begin PBXNativeTarget section */
		927744482C1210CB00895927 /* Cadastro */ = {
			isa = PBXNativeTarget;
			buildConfigurationList = 9277445D2C1210CC00895927 /* Build configuration list for PBXNativeTarget "Cadastro" */;
			buildPhases = (
				927744452C1210CB00895927 /* Sources */,
				927744462C1210CB00895927 /* Frameworks */,
				927744472C1210CB00895927 /* Resources */,
			);
			buildRules = (
			);
			dependencies = (
			);
			name = Cadastro;
			productName = Cadastro;
			productReference = 927744492C1210CB00895927 /* Cadastro.app */;
			productType = "com.apple.product-type.application";
		};
/* End PBXNativeTarget section */

/* Begin PBXProject section */
		927744412C1210CB00895927 /* Project object */ = {
			isa = PBXProject;
			attributes = {
				BuildIndependentTargetsInParallel = 1;
				LastSwiftUpdateCheck = 1500;
				LastUpgradeCheck = 1500;
				TargetAttributes = {
					927744482C1210CB00895927 = {
						CreatedOnToolsVersion = 15.0.1;
					};
				};
			};
			buildConfigurationList = 927744442C1210CB00895927 /* Build configuration list for PBXProject "Cadastro" */;
			compatibilityVersion = "Xcode 14.0";
			developmentRegion = en;
			hasScannedForEncodings = 0;
			knownRegions = (
				en,
				Base,
			);
			mainGroup = 927744402C1210CB00895927;
			productRefGroup = 9277444A2C1210CB00895927 /* Products */;
			projectDirPath = "";
			projectRoot = "";
			targets = (
				927744482C1210CB00895927 /* Cadastro */,
			);
		};
/* End PBXProject section */

/* Begin PBXResourcesBuildPhase section */
		927744472C1210CB00895927 /* Resources */ = {
			isa = PBXResourcesBuildPhase;
			buildActionMask = 2147483647;
			files = (
				927744592C1210CC00895927 /* LaunchScreen.storyboard in Resources */,
				927744562C1210CC00895927 /* Assets.xcassets in Resources */,
			);
			runOnlyForDeploymentPostprocessing = 0;
		};
/* End PBXResourcesBuildPhase section */

/* Begin PBXSourcesBuildPhase section */
		927744452C1210CB00895927 /* Sources */ = {
			isa = PBXSourcesBuildPhase;
			buildActionMask = 2147483647;
			files = (
				9251D4A02C13AA6A0033863F /* SignUpConfirmPasswordViewModel.swift in Sources */,
				9277446F2C121BEA00895927 /* LoginView.swift in Sources */,
				927744642C1214EF00895927 /* Bindable.swift in Sources */,
				927744622C12149A00895927 /* LoginViewModel.swift in Sources */,
				927744512C1210CB00895927 /* LoginViewController.swift in Sources */,
				9277444D2C1210CB00895927 /* AppDelegate.swift in Sources */,
				927744772C12471700895927 /* SignUpEmailViewController.swift in Sources */,
				9251D4892C13627C0033863F /* Cadastro.swift in Sources */,
				9251D4952C138BA20033863F /* SignUpPasswordViewModel.swift in Sources */,
				9251D49C2C13A9F20033863F /* SignUpConfirmPasswordViewController.swift in Sources */,
				9251D48B2C1362B50033863F /* SignUpEmailViewModel.swift in Sources */,
				9277444F2C1210CB00895927 /* SceneDelegate.swift in Sources */,
				9251D4912C138A8C0033863F /* SignUpPasswordViewController.swift in Sources */,
				9251D49E2C13AA580033863F /* SignUpConfirmPasswordView.swift in Sources */,
				927744792C1247E500895927 /* SignUpEmailView.swift in Sources */,
				927744712C121EA200895927 /* Extensions.swift in Sources */,
				9251D4932C138B810033863F /* SignUpPasswordView.swift in Sources */,
			);
			runOnlyForDeploymentPostprocessing = 0;
		};
/* End PBXSourcesBuildPhase section */

/* Begin PBXVariantGroup section */
		927744572C1210CC00895927 /* LaunchScreen.storyboard */ = {
			isa = PBXVariantGroup;
			children = (
				927744582C1210CC00895927 /* Base */,
			);
			name = LaunchScreen.storyboard;
			sourceTree = "<group>";
		};
/* End PBXVariantGroup section */

/* Begin XCBuildConfiguration section */
		9277445B2C1210CC00895927 /* Debug */ = {
			isa = XCBuildConfiguration;
			buildSettings = {
				ALWAYS_SEARCH_USER_PATHS = NO;
				ASSETCATALOG_COMPILER_GENERATE_SWIFT_ASSET_SYMBOL_EXTENSIONS = YES;
				CLANG_ANALYZER_NONNULL = YES;
				CLANG_ANALYZER_NUMBER_OBJECT_CONVERSION = YES_AGGRESSIVE;
				CLANG_CXX_LANGUAGE_STANDARD = "gnu++20";
				CLANG_ENABLE_MODULES = YES;
				CLANG_ENABLE_OBJC_ARC = YES;
				CLANG_ENABLE_OBJC_WEAK = YES;
				CLANG_WARN_BLOCK_CAPTURE_AUTORELEASING = YES;
				CLANG_WARN_BOOL_CONVERSION = YES;
				CLANG_WARN_COMMA = YES;
				CLANG_WARN_CONSTANT_CONVERSION = YES;
				CLANG_WARN_DEPRECATED_OBJC_IMPLEMENTATIONS = YES;
				CLANG_WARN_DIRECT_OBJC_ISA_USAGE = YES_ERROR;
				CLANG_WARN_DOCUMENTATION_COMMENTS = YES;
				CLANG_WARN_EMPTY_BODY = YES;
				CLANG_WARN_ENUM_CONVERSION = YES;
				CLANG_WARN_INFINITE_RECURSION = YES;
				CLANG_WARN_INT_CONVERSION = YES;
				CLANG_WARN_NON_LITERAL_NULL_CONVERSION = YES;
				CLANG_WARN_OBJC_IMPLICIT_RETAIN_SELF = YES;
				CLANG_WARN_OBJC_LITERAL_CONVERSION = YES;
				CLANG_WARN_OBJC_ROOT_CLASS = YES_ERROR;
				CLANG_WARN_QUOTED_INCLUDE_IN_FRAMEWORK_HEADER = YES;
				CLANG_WARN_RANGE_LOOP_ANALYSIS = YES;
				CLANG_WARN_STRICT_PROTOTYPES = YES;
				CLANG_WARN_SUSPICIOUS_MOVE = YES;
				CLANG_WARN_UNGUARDED_AVAILABILITY = YES_AGGRESSIVE;
				CLANG_WARN_UNREACHABLE_CODE = YES;
				CLANG_WARN__DUPLICATE_METHOD_MATCH = YES;
				COPY_PHASE_STRIP = NO;
				DEBUG_INFORMATION_FORMAT = dwarf;
				ENABLE_STRICT_OBJC_MSGSEND = YES;
				ENABLE_TESTABILITY = YES;
				ENABLE_USER_SCRIPT_SANDBOXING = YES;
				GCC_C_LANGUAGE_STANDARD = gnu17;
				GCC_DYNAMIC_NO_PIC = NO;
				GCC_NO_COMMON_BLOCKS = YES;
				GCC_OPTIMIZATION_LEVEL = 0;
				GCC_PREPROCESSOR_DEFINITIONS = (
					"DEBUG=1",
					"$(inherited)",
				);
				GCC_WARN_64_TO_32_BIT_CONVERSION = YES;
				GCC_WARN_ABOUT_RETURN_TYPE = YES_ERROR;
				GCC_WARN_UNDECLARED_SELECTOR = YES;
				GCC_WARN_UNINITIALIZED_AUTOS = YES_AGGRESSIVE;
				GCC_WARN_UNUSED_FUNCTION = YES;
				GCC_WARN_UNUSED_VARIABLE = YES;
				IPHONEOS_DEPLOYMENT_TARGET = 17.0;
				LOCALIZATION_PREFERS_STRING_CATALOGS = YES;
				MTL_ENABLE_DEBUG_INFO = INCLUDE_SOURCE;
				MTL_FAST_MATH = YES;
				ONLY_ACTIVE_ARCH = YES;
				SDKROOT = iphoneos;
				SWIFT_ACTIVE_COMPILATION_CONDITIONS = "DEBUG $(inherited)";
				SWIFT_OPTIMIZATION_LEVEL = "-Onone";
			};
			name = Debug;
		};
		9277445C2C1210CC00895927 /* Release */ = {
			isa = XCBuildConfiguration;
			buildSettings = {
				ALWAYS_SEARCH_USER_PATHS = NO;
				ASSETCATALOG_COMPILER_GENERATE_SWIFT_ASSET_SYMBOL_EXTENSIONS = YES;
				CLANG_ANALYZER_NONNULL = YES;
				CLANG_ANALYZER_NUMBER_OBJECT_CONVERSION = YES_AGGRESSIVE;
				CLANG_CXX_LANGUAGE_STANDARD = "gnu++20";
				CLANG_ENABLE_MODULES = YES;
				CLANG_ENABLE_OBJC_ARC = YES;
				CLANG_ENABLE_OBJC_WEAK = YES;
				CLANG_WARN_BLOCK_CAPTURE_AUTORELEASING = YES;
				CLANG_WARN_BOOL_CONVERSION = YES;
				CLANG_WARN_COMMA = YES;
				CLANG_WARN_CONSTANT_CONVERSION = YES;
				CLANG_WARN_DEPRECATED_OBJC_IMPLEMENTATIONS = YES;
				CLANG_WARN_DIRECT_OBJC_ISA_USAGE = YES_ERROR;
				CLANG_WARN_DOCUMENTATION_COMMENTS = YES;
				CLANG_WARN_EMPTY_BODY = YES;
				CLANG_WARN_ENUM_CONVERSION = YES;
				CLANG_WARN_INFINITE_RECURSION = YES;
				CLANG_WARN_INT_CONVERSION = YES;
				CLANG_WARN_NON_LITERAL_NULL_CONVERSION = YES;
				CLANG_WARN_OBJC_IMPLICIT_RETAIN_SELF = YES;
				CLANG_WARN_OBJC_LITERAL_CONVERSION = YES;
				CLANG_WARN_OBJC_ROOT_CLASS = YES_ERROR;
				CLANG_WARN_QUOTED_INCLUDE_IN_FRAMEWORK_HEADER = YES;
				CLANG_WARN_RANGE_LOOP_ANALYSIS = YES;
				CLANG_WARN_STRICT_PROTOTYPES = YES;
				CLANG_WARN_SUSPICIOUS_MOVE = YES;
				CLANG_WARN_UNGUARDED_AVAILABILITY = YES_AGGRESSIVE;
				CLANG_WARN_UNREACHABLE_CODE = YES;
				CLANG_WARN__DUPLICATE_METHOD_MATCH = YES;
				COPY_PHASE_STRIP = NO;
				DEBUG_INFORMATION_FORMAT = "dwarf-with-dsym";
				ENABLE_NS_ASSERTIONS = NO;
				ENABLE_STRICT_OBJC_MSGSEND = YES;
				ENABLE_USER_SCRIPT_SANDBOXING = YES;
				GCC_C_LANGUAGE_STANDARD = gnu17;
				GCC_NO_COMMON_BLOCKS = YES;
				GCC_WARN_64_TO_32_BIT_CONVERSION = YES;
				GCC_WARN_ABOUT_RETURN_TYPE = YES_ERROR;
				GCC_WARN_UNDECLARED_SELECTOR = YES;
				GCC_WARN_UNINITIALIZED_AUTOS = YES_AGGRESSIVE;
				GCC_WARN_UNUSED_FUNCTION = YES;
				GCC_WARN_UNUSED_VARIABLE = YES;
				IPHONEOS_DEPLOYMENT_TARGET = 17.0;
				LOCALIZATION_PREFERS_STRING_CATALOGS = YES;
				MTL_ENABLE_DEBUG_INFO = NO;
				MTL_FAST_MATH = YES;
				SDKROOT = iphoneos;
				SWIFT_COMPILATION_MODE = wholemodule;
				VALIDATE_PRODUCT = YES;
			};
			name = Release;
		};
		9277445E2C1210CC00895927 /* Debug */ = {
			isa = XCBuildConfiguration;
			buildSettings = {
				ASSETCATALOG_COMPILER_APPICON_NAME = AppIcon;
				ASSETCATALOG_COMPILER_GLOBAL_ACCENT_COLOR_NAME = AccentColor;
				CODE_SIGN_STYLE = Automatic;
				CURRENT_PROJECT_VERSION = 1;
				DEVELOPMENT_TEAM = 57HYQW6DAG;
				GENERATE_INFOPLIST_FILE = YES;
				INFOPLIST_FILE = Cadastro/Resources/Info.plist;
				INFOPLIST_KEY_UIApplicationSupportsIndirectInputEvents = YES;
				INFOPLIST_KEY_UILaunchStoryboardName = LaunchScreen;
				INFOPLIST_KEY_UISupportedInterfaceOrientations = UIInterfaceOrientationPortrait;
				INFOPLIST_KEY_UISupportedInterfaceOrientations_iPad = "UIInterfaceOrientationPortrait UIInterfaceOrientationPortraitUpsideDown";
				LD_RUNPATH_SEARCH_PATHS = (
					"$(inherited)",
					"@executable_path/Frameworks",
				);
				MARKETING_VERSION = 1.0;
				PRODUCT_BUNDLE_IDENTIFIER = com.diggosilva.Cadastro;
				PRODUCT_NAME = "$(TARGET_NAME)";
				SWIFT_EMIT_LOC_STRINGS = YES;
				SWIFT_VERSION = 5.0;
				TARGETED_DEVICE_FAMILY = "1,2";
			};
			name = Debug;
		};
		9277445F2C1210CC00895927 /* Release */ = {
			isa = XCBuildConfiguration;
			buildSettings = {
				ASSETCATALOG_COMPILER_APPICON_NAME = AppIcon;
				ASSETCATALOG_COMPILER_GLOBAL_ACCENT_COLOR_NAME = AccentColor;
				CODE_SIGN_STYLE = Automatic;
				CURRENT_PROJECT_VERSION = 1;
				DEVELOPMENT_TEAM = 57HYQW6DAG;
				GENERATE_INFOPLIST_FILE = YES;
				INFOPLIST_FILE = Cadastro/Resources/Info.plist;
				INFOPLIST_KEY_UIApplicationSupportsIndirectInputEvents = YES;
				INFOPLIST_KEY_UILaunchStoryboardName = LaunchScreen;
				INFOPLIST_KEY_UISupportedInterfaceOrientations = UIInterfaceOrientationPortrait;
				INFOPLIST_KEY_UISupportedInterfaceOrientations_iPad = "UIInterfaceOrientationPortrait UIInterfaceOrientationPortraitUpsideDown";
				LD_RUNPATH_SEARCH_PATHS = (
					"$(inherited)",
					"@executable_path/Frameworks",
				);
				MARKETING_VERSION = 1.0;
				PRODUCT_BUNDLE_IDENTIFIER = com.diggosilva.Cadastro;
				PRODUCT_NAME = "$(TARGET_NAME)";
				SWIFT_EMIT_LOC_STRINGS = YES;
				SWIFT_VERSION = 5.0;
				TARGETED_DEVICE_FAMILY = "1,2";
			};
			name = Release;
		};
/* End XCBuildConfiguration section */

/* Begin XCConfigurationList section */
		927744442C1210CB00895927 /* Build configuration list for PBXProject "Cadastro" */ = {
			isa = XCConfigurationList;
			buildConfigurations = (
				9277445B2C1210CC00895927 /* Debug */,
				9277445C2C1210CC00895927 /* Release */,
			);
			defaultConfigurationIsVisible = 0;
			defaultConfigurationName = Release;
		};
		9277445D2C1210CC00895927 /* Build configuration list for PBXNativeTarget "Cadastro" */ = {
			isa = XCConfigurationList;
			buildConfigurations = (
				9277445E2C1210CC00895927 /* Debug */,
				9277445F2C1210CC00895927 /* Release */,
			);
			defaultConfigurationIsVisible = 0;
			defaultConfigurationName = Release;
		};
/* End XCConfigurationList section */
	};
	rootObject = 927744412C1210CB00895927 /* Project object */;
}
